
Microsoft Visual Studio Solution File, Format Version 12.00
# Visual Studio Version 16
VisualStudioVersion = 16.0.29709.97
MinimumVisualStudioVersion = 10.0.40219.1
Project("{FAE04EC0-301F-11D3-BF4B-00C04F79EFBC}") = "ExcelDNAExample", "ExcelDNAExample\ExcelDNAExample.csproj", "{9B35C12C-A5F1-4B6A-A6C3-6736E96C7432}"
EndProject
Project("{9A19103F-16F7-4668-BE54-9A1E7A4F7556}") = "ElevationDataAPI", "ElevationDataApi\ElevationDataAPI.csproj", "{89D6C673-3345-4A22-B3F5-57BC56CAC9BE}"
EndProject
Project("{FAE04EC0-301F-11D3-BF4B-00C04F79EFBC}") = "ElevationAPI.Test", "NUnitTestProject1\ElevationAPI.Test.csproj", "{8D6AE36D-0417-4518-A374-0C04FAE731E9}"
EndProject
Global
	GlobalSection(SolutionConfigurationPlatforms) = preSolution
		Debug|Any CPU = Debug|Any CPU
		Debug|x64 = Debug|x64
		Release|Any CPU = Release|Any CPU
		Release|x64 = Release|x64
	EndGlobalSection
	GlobalSection(ProjectConfigurationPlatforms) = postSolution
		{9B35C12C-A5F1-4B6A-A6C3-6736E96C7432}.Debug|Any CPU.ActiveCfg = Debug|Any CPU
		{9B35C12C-A5F1-4B6A-A6C3-6736E96C7432}.Debug|Any CPU.Build.0 = Debug|Any CPU
		{9B35C12C-A5F1-4B6A-A6C3-6736E96C7432}.Debug|x64.ActiveCfg = Debug|x64
		{9B35C12C-A5F1-4B6A-A6C3-6736E96C7432}.Debug|x64.Build.0 = Debug|x64
		{9B35C12C-A5F1-4B6A-A6C3-6736E96C7432}.Release|Any CPU.ActiveCfg = Release|Any CPU
		{9B35C12C-A5F1-4B6A-A6C3-6736E96C7432}.Release|Any CPU.Build.0 = Release|Any CPU
		{9B35C12C-A5F1-4B6A-A6C3-6736E96C7432}.Release|x64.ActiveCfg = Release|x64
		{9B35C12C-A5F1-4B6A-A6C3-6736E96C7432}.Release|x64.Build.0 = Release|x64
		{89D6C673-3345-4A22-B3F5-57BC56CAC9BE}.Debug|Any CPU.ActiveCfg = Debug|Any CPU
		{89D6C673-3345-4A22-B3F5-57BC56CAC9BE}.Debug|Any CPU.Build.0 = Debug|Any CPU
		{89D6C673-3345-4A22-B3F5-57BC56CAC9BE}.Debug|x64.ActiveCfg = Debug|x64
		{89D6C673-3345-4A22-B3F5-57BC56CAC9BE}.Debug|x64.Build.0 = Debug|x64
		{89D6C673-3345-4A22-B3F5-57BC56CAC9BE}.Release|Any CPU.ActiveCfg = Release|Any CPU
		{89D6C673-3345-4A22-B3F5-57BC56CAC9BE}.Release|Any CPU.Build.0 = Release|Any CPU
		{89D6C673-3345-4A22-B3F5-57BC56CAC9BE}.Release|x64.ActiveCfg = Release|x64
		{89D6C673-3345-4A22-B3F5-57BC56CAC9BE}.Release|x64.Build.0 = Release|x64
		{8D6AE36D-0417-4518-A374-0C04FAE731E9}.Debug|Any CPU.ActiveCfg = Debug|Any CPU
		{8D6AE36D-0417-4518-A374-0C04FAE731E9}.Debug|Any CPU.Build.0 = Debug|Any CPU
		{8D6AE36D-0417-4518-A374-0C04FAE731E9}.Debug|x64.ActiveCfg = Debug|Any CPU
		{8D6AE36D-0417-4518-A374-0C04FAE731E9}.Debug|x64.Build.0 = Debug|Any CPU
		{8D6AE36D-0417-4518-A374-0C04FAE731E9}.Release|Any CPU.ActiveCfg = Release|Any CPU
		{8D6AE36D-0417-4518-A374-0C04FAE731E9}.Release|Any CPU.Build.0 = Release|Any CPU
		{8D6AE36D-0417-4518-A374-0C04FAE731E9}.Release|x64.ActiveCfg = Release|Any CPU
		{8D6AE36D-0417-4518-A374-0C04FAE731E9}.Release|x64.Build.0 = Release|Any CPU
	EndGlobalSection
	GlobalSection(SolutionProperties) = preSolution
		HideSolutionNode = FALSE
	EndGlobalSection
	GlobalSection(ExtensibilityGlobals) = postSolution
		SolutionGuid = {7D711B43-D9F3-4368-B1CA-293C42FCA2EB}
	EndGlobalSection
EndGlobal
